{
  "name": "hermesai",
  "version": "0.0.1-prerelease-gracie1",
  "lockfileVersion": 3,
  "requires": true,
  "packages": {
    "": {
      "name": "hermesai",
      "version": "0.0.1-prerelease-gracie1",
      "dependencies": {
        "@hermesai/eztree": "^2.0.0"
      },
      "bin": {
        "hermesai": "index.js"
      }
    },
    "node_modules/@hermesai/eztree": {
      "version": "2.0.0",
      "resolved": "https://registry.npmjs.org/@hermesai/eztree/-/eztree-2.0.0.tgz",
      "integrity": "sha512-Q+JWaV9KCDjgYS5si/bNL6hpp1jULvEsOJi2CaNyjf0xQJzxGIj3PV16J5DczNhs6qqZXg/ywzyWS5YozlkggQ==",
      "license": "ISC",
      "bin": {
        "eztree": "bin/cli.js"
      }
    }
  }
}
